// !$*UTF8*$!
{
	archiveVersion = 1;
	classes = {
	};
	objectVersion = 55;
	objects = {

/* Begin PBXBuildFile section */
		C20D9E32278F0FAC008552FB /* MovieView.swift in Sources */ = {isa = PBXBuildFile; fileRef = C20D9E31278F0FAC008552FB /* MovieView.swift */; };
		C20D9E34278F0FD9008552FB /* DetailView.swift in Sources */ = {isa = PBXBuildFile; fileRef = C20D9E33278F0FD9008552FB /* DetailView.swift */; };
		C20D9E36278F1009008552FB /* AsyncImage.swift in Sources */ = {isa = PBXBuildFile; fileRef = C20D9E35278F1009008552FB /* AsyncImage.swift */; };
		C20D9E38278F1027008552FB /* ApiCall.swift in Sources */ = {isa = PBXBuildFile; fileRef = C20D9E37278F1027008552FB /* ApiCall.swift */; };
		C20D9E3A278F1054008552FB /* Constants.swift in Sources */ = {isa = PBXBuildFile; fileRef = C20D9E39278F1054008552FB /* Constants.swift */; };
		C20D9E3C278F106A008552FB /* GenreServices.swift in Sources */ = {isa = PBXBuildFile; fileRef = C20D9E3B278F106A008552FB /* GenreServices.swift */; };
		C20D9E3E278F10B8008552FB /* MovieServices.swift in Sources */ = {isa = PBXBuildFile; fileRef = C20D9E3D278F10B8008552FB /* MovieServices.swift */; };
		C20D9E40278F10FD008552FB /* ReviewService.swift in Sources */ = {isa = PBXBuildFile; fileRef = C20D9E3F278F10FD008552FB /* ReviewService.swift */; };
		C2FFBCEE278E7A7A009A05FC /* MovieDBApp.swift in Sources */ = {isa = PBXBuildFile; fileRef = C2FFBCED278E7A7A009A05FC /* MovieDBApp.swift */; };
		C2FFBCF0278E7A7A009A05FC /* ContentView.swift in Sources */ = {isa = PBXBuildFile; fileRef = C2FFBCEF278E7A7A009A05FC /* ContentView.swift */; };
		C2FFBCF2278E7A7C009A05FC /* Assets.xcassets in Resources */ = {isa = PBXBuildFile; fileRef = C2FFBCF1278E7A7C009A05FC /* Assets.xcassets */; };
		C2FFBCF5278E7A7C009A05FC /* Preview Assets.xcassets in Resources */ = {isa = PBXBuildFile; fileRef = C2FFBCF4278E7A7C009A05FC /* Preview Assets.xcassets */; };
		C2FFBCFF278E7A7C009A05FC /* MovieDBTests.swift in Sources */ = {isa = PBXBuildFile; fileRef = C2FFBCFE278E7A7C009A05FC /* MovieDBTests.swift */; };
		C2FFBD09278E7A7C009A05FC /* MovieDBUITests.swift in Sources */ = {isa = PBXBuildFile; fileRef = C2FFBD08278E7A7C009A05FC /* MovieDBUITests.swift */; };
		C2FFBD0B278E7A7D009A05FC /* MovieDBUITestsLaunchTests.swift in Sources */ = {isa = PBXBuildFile; fileRef = C2FFBD0A278E7A7D009A05FC /* MovieDBUITestsLaunchTests.swift */; };
		C2FFBD19278EB40C009A05FC /* SwiftUIX in Frameworks */ = {isa = PBXBuildFile; productRef = C2FFBD18278EB40C009A05FC /* SwiftUIX */; };
		C2FFBD1C278EB651009A05FC /* SwiftyJSON in Frameworks */ = {isa = PBXBuildFile; productRef = C2FFBD1B278EB651009A05FC /* SwiftyJSON */; };
		C2FFBD1F278EB689009A05FC /* Alamofire in Frameworks */ = {isa = PBXBuildFile; productRef = C2FFBD1E278EB689009A05FC /* Alamofire */; };
/* End PBXBuildFile section */

/* Begin PBXContainerItemProxy section */
		C2FFBCFB278E7A7C009A05FC /* PBXContainerItemProxy */ = {
			isa = PBXContainerItemProxy;
			containerPortal = C2FFBCE2278E7A7A009A05FC /* Project object */;
			proxyType = 1;
			remoteGlobalIDString = C2FFBCE9278E7A7A009A05FC;
			remoteInfo = MovieDB;
		};
		C2FFBD05278E7A7C009A05FC /* PBXContainerItemProxy */ = {
			isa = PBXContainerItemProxy;
			containerPortal = C2FFBCE2278E7A7A009A05FC /* Project object */;
			proxyType = 1;
			remoteGlobalIDString = C2FFBCE9278E7A7A009A05FC;
			remoteInfo = MovieDB;
		};
/* End PBXContainerItemProxy section */

/* Begin PBXFileReference section */
		C20D9E31278F0FAC008552FB /* MovieView.swift */ = {isa = PBXFileReference; lastKnownFileType = sourcecode.swift; path = MovieView.swift; sourceTree = "<group>"; };
		C20D9E33278F0FD9008552FB /* DetailView.swift */ = {isa = PBXFileReference; lastKnownFileType = sourcecode.swift; path = DetailView.swift; sourceTree = "<group>"; };
		C20D9E35278F1009008552FB /* AsyncImage.swift */ = {isa = PBXFileReference; lastKnownFileType = sourcecode.swift; path = AsyncImage.swift; sourceTree = "<group>"; };
		C20D9E37278F1027008552FB /* ApiCall.swift */ = {isa = PBXFileReference; lastKnownFileType = sourcecode.swift; path = ApiCall.swift; sourceTree = "<group>"; };
		C20D9E39278F1054008552FB /* Constants.swift */ = {isa = PBXFileReference; lastKnownFileType = sourcecode.swift; path = Constants.swift; sourceTree = "<group>"; };
		C20D9E3B278F106A008552FB /* GenreServices.swift */ = {isa = PBXFileReference; lastKnownFileType = sourcecode.swift; path = GenreServices.swift; sourceTree = "<group>"; };
		C20D9E3D278F10B8008552FB /* MovieServices.swift */ = {isa = PBXFileReference; lastKnownFileType = sourcecode.swift; path = MovieServices.swift; sourceTree = "<group>"; };
		C20D9E3F278F10FD008552FB /* ReviewService.swift */ = {isa = PBXFileReference; lastKnownFileType = sourcecode.swift; path = ReviewService.swift; sourceTree = "<group>"; };
		C2FFBCEA278E7A7A009A05FC /* MovieDB.app */ = {isa = PBXFileReference; explicitFileType = wrapper.application; includeInIndex = 0; path = MovieDB.app; sourceTree = BUILT_PRODUCTS_DIR; };
		C2FFBCED278E7A7A009A05FC /* MovieDBApp.swift */ = {isa = PBXFileReference; lastKnownFileType = sourcecode.swift; path = MovieDBApp.swift; sourceTree = "<group>"; };
		C2FFBCEF278E7A7A009A05FC /* ContentView.swift */ = {isa = PBXFileReference; lastKnownFileType = sourcecode.swift; path = ContentView.swift; sourceTree = "<group>"; };
		C2FFBCF1278E7A7C009A05FC /* Assets.xcassets */ = {isa = PBXFileReference; lastKnownFileType = folder.assetcatalog; path = Assets.xcassets; sourceTree = "<group>"; };
		C2FFBCF4278E7A7C009A05FC /* Preview Assets.xcassets */ = {isa = PBXFileReference; lastKnownFileType = folder.assetcatalog; path = "Preview Assets.xcassets"; sourceTree = "<group>"; };
		C2FFBCFA278E7A7C009A05FC /* MovieDBTests.xctest */ = {isa = PBXFileReference; explicitFileType = wrapper.cfbundle; includeInIndex = 0; path = MovieDBTests.xctest; sourceTree = BUILT_PRODUCTS_DIR; };
		C2FFBCFE278E7A7C009A05FC /* MovieDBTests.swift */ = {isa = PBXFileReference; lastKnownFileType = sourcecode.swift; path = MovieDBTests.swift; sourceTree = "<group>"; };
		C2FFBD04278E7A7C009A05FC /* MovieDBUITests.xctest */ = {isa = PBXFileReference; explicitFileType = wrapper.cfbundle; includeInIndex = 0; path = MovieDBUITests.xctest; sourceTree = BUILT_PRODUCTS_DIR; };
		C2FFBD08278E7A7C009A05FC /* MovieDBUITests.swift */ = {isa = PBXFileReference; lastKnownFileType = sourcecode.swift; path = MovieDBUITests.swift; sourceTree = "<group>"; };
		C2FFBD0A278E7A7D009A05FC /* MovieDBUITestsLaunchTests.swift */ = {isa = PBXFileReference; lastKnownFileType = sourcecode.swift; path = MovieDBUITestsLaunchTests.swift; sourceTree = "<group>"; };
/* End PBXFileReference section */

/* Begin PBXFrameworksBuildPhase section */
		C2FFBCE7278E7A7A009A05FC /* Frameworks */ = {
			isa = PBXFrameworksBuildPhase;
			buildActionMask = 2147483647;
			files = (
				C2FFBD1F278EB689009A05FC /* Alamofire in Frameworks */,
				C2FFBD1C278EB651009A05FC /* SwiftyJSON in Frameworks */,
				C2FFBD19278EB40C009A05FC /* SwiftUIX in Frameworks */,
			);
			runOnlyForDeploymentPostprocessing = 0;
		};
		C2FFBCF7278E7A7C009A05FC /* Frameworks */ = {
			isa = PBXFrameworksBuildPhase;
			buildActionMask = 2147483647;
			files = (
			);
			runOnlyForDeploymentPostprocessing = 0;
		};
		C2FFBD01278E7A7C009A05FC /* Frameworks */ = {
			isa = PBXFrameworksBuildPhase;
			buildActionMask = 2147483647;
			files = (
			);
			runOnlyForDeploymentPostprocessing = 0;
		};
/* End PBXFrameworksBuildPhase section */

/* Begin PBXGroup section */
		C2FFBCE1278E7A7A009A05FC = {
			isa = PBXGroup;
			children = (
				C2FFBCEC278E7A7A009A05FC /* MovieDB */,
				C2FFBCFD278E7A7C009A05FC /* MovieDBTests */,
				C2FFBD07278E7A7C009A05FC /* MovieDBUITests */,
				C2FFBCEB278E7A7A009A05FC /* Products */,
			);
			sourceTree = "<group>";
		};
		C2FFBCEB278E7A7A009A05FC /* Products */ = {
			isa = PBXGroup;
			children = (
				C2FFBCEA278E7A7A009A05FC /* MovieDB.app */,
				C2FFBCFA278E7A7C009A05FC /* MovieDBTests.xctest */,
				C2FFBD04278E7A7C009A05FC /* MovieDBUITests.xctest */,
			);
			name = Products;
			sourceTree = "<group>";
		};
		C2FFBCEC278E7A7A009A05FC /* MovieDB */ = {
			isa = PBXGroup;
			children = (
				C2FFBCED278E7A7A009A05FC /* MovieDBApp.swift */,
				C2FFBCEF278E7A7A009A05FC /* ContentView.swift */,
				C2FFBCF1278E7A7C009A05FC /* Assets.xcassets */,
				C2FFBCF3278E7A7C009A05FC /* Preview Content */,
				C20D9E31278F0FAC008552FB /* MovieView.swift */,
				C20D9E33278F0FD9008552FB /* DetailView.swift */,
				C20D9E35278F1009008552FB /* AsyncImage.swift */,
				C20D9E37278F1027008552FB /* ApiCall.swift */,
				C20D9E39278F1054008552FB /* Constants.swift */,
				C20D9E3B278F106A008552FB /* GenreServices.swift */,
				C20D9E3D278F10B8008552FB /* MovieServices.swift */,
				C20D9E3F278F10FD008552FB /* ReviewService.swift */,
			);
			path = MovieDB;
			sourceTree = "<group>";
		};
		C2FFBCF3278E7A7C009A05FC /* Preview Content */ = {
			isa = PBXGroup;
			children = (
				C2FFBCF4278E7A7C009A05FC /* Preview Assets.xcassets */,
			);
			path = "Preview Content";
			sourceTree = "<group>";
		};
		C2FFBCFD278E7A7C009A05FC /* MovieDBTests */ = {
			isa = PBXGroup;
			children = (
				C2FFBCFE278E7A7C009A05FC /* MovieDBTests.swift */,
			);
			path = MovieDBTests;
			sourceTree = "<group>";
		};
		C2FFBD07278E7A7C009A05FC /* MovieDBUITests */ = {
			isa = PBXGroup;
			children = (
				C2FFBD08278E7A7C009A05FC /* MovieDBUITests.swift */,
				C2FFBD0A278E7A7D009A05FC /* MovieDBUITestsLaunchTests.swift */,
			);
			path = MovieDBUITests;
			sourceTree = "<group>";
		};
/* End PBXGroup section */

/* Begin PBXNativeTarget section */
		C2FFBCE9278E7A7A009A05FC /* MovieDB */ = {
			isa = PBXNativeTarget;
			buildConfigurationList = C2FFBD0E278E7A7D009A05FC /* Build configuration list for PBXNativeTarget "MovieDB" */;
			buildPhases = (
				C2FFBCE6278E7A7A009A05FC /* Sources */,
				C2FFBCE7278E7A7A009A05FC /* Frameworks */,
				C2FFBCE8278E7A7A009A05FC /* Resources */,
			);
			buildRules = (
			);
			dependencies = (
			);
			name = MovieDB;
			packageProductDependencies = (
				C2FFBD18278EB40C009A05FC /* SwiftUIX */,
				C2FFBD1B278EB651009A05FC /* SwiftyJSON */,
				C2FFBD1E278EB689009A05FC /* Alamofire */,
			);
			productName = MovieDB;
			productReference = C2FFBCEA278E7A7A009A05FC /* MovieDB.app */;
			productType = "com.apple.product-type.application";
		};
		C2FFBCF9278E7A7C009A05FC /* MovieDBTests */ = {
			isa = PBXNativeTarget;
			buildConfigurationList = C2FFBD11278E7A7D009A05FC /* Build configuration list for PBXNativeTarget "MovieDBTests" */;
			buildPhases = (
				C2FFBCF6278E7A7C009A05FC /* Sources */,
				C2FFBCF7278E7A7C009A05FC /* Frameworks */,
				C2FFBCF8278E7A7C009A05FC /* Resources */,
			);
			buildRules = (
			);
			dependencies = (
				C2FFBCFC278E7A7C009A05FC /* PBXTargetDependency */,
			);
			name = MovieDBTests;
			productName = MovieDBTests;
			productReference = C2FFBCFA278E7A7C009A05FC /* MovieDBTests.xctest */;
			productType = "com.apple.product-type.bundle.unit-test";
		};
		C2FFBD03278E7A7C009A05FC /* MovieDBUITests */ = {
			isa = PBXNativeTarget;
			buildConfigurationList = C2FFBD14278E7A7D009A05FC /* Build configuration list for PBXNativeTarget "MovieDBUITests" */;
			buildPhases = (
				C2FFBD00278E7A7C009A05FC /* Sources */,
				C2FFBD01278E7A7C009A05FC /* Frameworks */,
				C2FFBD02278E7A7C009A05FC /* Resources */,
			);
			buildRules = (
			);
			dependencies = (
				C2FFBD06278E7A7C009A05FC /* PBXTargetDependency */,
			);
			name = MovieDBUITests;
			productName = MovieDBUITests;
			productReference = C2FFBD04278E7A7C009A05FC /* MovieDBUITests.xctest */;
			productType = "com.apple.product-type.bundle.ui-testing";
		};
/* End PBXNativeTarget section */

/* Begin PBXProject section */
		C2FFBCE2278E7A7A009A05FC /* Project object */ = {
			isa = PBXProject;
			attributes = {
				BuildIndependentTargetsInParallel = 1;
				LastSwiftUpdateCheck = 1320;
				LastUpgradeCheck = 1320;
				TargetAttributes = {
					C2FFBCE9278E7A7A009A05FC = {
						CreatedOnToolsVersion = 13.2.1;
					};
					C2FFBCF9278E7A7C009A05FC = {
						CreatedOnToolsVersion = 13.2.1;
						TestTargetID = C2FFBCE9278E7A7A009A05FC;
					};
					C2FFBD03278E7A7C009A05FC = {
						CreatedOnToolsVersion = 13.2.1;
						TestTargetID = C2FFBCE9278E7A7A009A05FC;
					};
				};
			};
			buildConfigurationList = C2FFBCE5278E7A7A009A05FC /* Build configuration list for PBXProject "MovieDB" */;
			compatibilityVersion = "Xcode 13.0";
			developmentRegion = en;
			hasScannedForEncodings = 0;
			knownRegions = (
				en,
				Base,
			);
			mainGroup = C2FFBCE1278E7A7A009A05FC;
			packageReferences = (
				C2FFBD17278EB40C009A05FC /* XCRemoteSwiftPackageReference "SwiftUIX" */,
				C2FFBD1A278EB651009A05FC /* XCRemoteSwiftPackageReference "SwiftyJSON" */,
				C2FFBD1D278EB689009A05FC /* XCRemoteSwiftPackageReference "Alamofire" */,
			);
			productRefGroup = C2FFBCEB278E7A7A009A05FC /* Products */;
			projectDirPath = "";
			projectRoot = "";
			targets = (
				C2FFBCE9278E7A7A009A05FC /* MovieDB */,
				C2FFBCF9278E7A7C009A05FC /* MovieDBTests */,
				C2FFBD03278E7A7C009A05FC /* MovieDBUITests */,
			);
		};
/* End PBXProject section */

/* Begin PBXResourcesBuildPhase section */
		C2FFBCE8278E7A7A009A05FC /* Resources */ = {
			isa = PBXResourcesBuildPhase;
			buildActionMask = 2147483647;
			files = (
				C2FFBCF5278E7A7C009A05FC /* Preview Assets.xcassets in Resources */,
				C2FFBCF2278E7A7C009A05FC /* Assets.xcassets in Resources */,
			);
			runOnlyForDeploymentPostprocessing = 0;
		};
		C2FFBCF8278E7A7C009A05FC /* Resources */ = {
			isa = PBXResourcesBuildPhase;
			buildActionMask = 2147483647;
			files = (
			);
			runOnlyForDeploymentPostprocessing = 0;
		};
		C2FFBD02278E7A7C009A05FC /* Resources */ = {
			isa = PBXResourcesBuildPhase;
			buildActionMask = 2147483647;
			files = (
			);
			runOnlyForDeploymentPostprocessing = 0;
		};
/* End PBXResourcesBuildPhase section */

/* Begin PBXSourcesBuildPhase section */
		C2FFBCE6278E7A7A009A05FC /* Sources */ = {
			isa = PBXSourcesBuildPhase;
			buildActionMask = 2147483647;
			files = (
				C20D9E36278F1009008552FB /* AsyncImage.swift in Sources */,
				C2FFBCF0278E7A7A009A05FC /* ContentView.swift in Sources */,
				C20D9E34278F0FD9008552FB /* DetailView.swift in Sources */,
				C20D9E3C278F106A008552FB /* GenreServices.swift in Sources */,
				C20D9E32278F0FAC008552FB /* MovieView.swift in Sources */,
				C20D9E3A278F1054008552FB /* Constants.swift in Sources */,
				C20D9E38278F1027008552FB /* ApiCall.swift in Sources */,
				C20D9E40278F10FD008552FB /* ReviewService.swift in Sources */,
				C20D9E3E278F10B8008552FB /* MovieServices.swift in Sources */,
				C2FFBCEE278E7A7A009A05FC /* MovieDBApp.swift in Sources */,
			);
			runOnlyForDeploymentPostprocessing = 0;
		};
		C2FFBCF6278E7A7C009A05FC /* Sources */ = {
			isa = PBXSourcesBuildPhase;
			buildActionMask = 2147483647;
			files = (
				C2FFBCFF278E7A7C009A05FC /* MovieDBTests.swift in Sources */,
			);
			runOnlyForDeploymentPostprocessing = 0;
		};
		C2FFBD00278E7A7C009A05FC /* Sources */ = {
			isa = PBXSourcesBuildPhase;
			buildActionMask = 2147483647;
			files = (
				C2FFBD09278E7A7C009A05FC /* MovieDBUITests.swift in Sources */,
				C2FFBD0B278E7A7D009A05FC /* MovieDBUITestsLaunchTests.swift in Sources */,
			);
			runOnlyForDeploymentPostprocessing = 0;
		};
/* End PBXSourcesBuildPhase section */

/* Begin PBXTargetDependency section */
		C2FFBCFC278E7A7C009A05FC /* PBXTargetDependency */ = {
			isa = PBXTargetDependency;
			target = C2FFBCE9278E7A7A009A05FC /* MovieDB */;
			targetProxy = C2FFBCFB278E7A7C009A05FC /* PBXContainerItemProxy */;
		};
		C2FFBD06278E7A7C009A05FC /* PBXTargetDependency */ = {
			isa = PBXTargetDependency;
			target = C2FFBCE9278E7A7A009A05FC /* MovieDB */;
			targetProxy = C2FFBD05278E7A7C009A05FC /* PBXContainerItemProxy */;
		};
/* End PBXTargetDependency section */

/* Begin XCBuildConfiguration section */
		C2FFBD0C278E7A7D009A05FC /* Debug */ = {
			isa = XCBuildConfiguration;
			buildSettings = {
				ALWAYS_SEARCH_USER_PATHS = NO;
				CLANG_ANALYZER_NONNULL = YES;
				CLANG_ANALYZER_NUMBER_OBJECT_CONVERSION = YES_AGGRESSIVE;
				CLANG_CXX_LANGUAGE_STANDARD = "gnu++17";
				CLANG_CXX_LIBRARY = "libc++";
				CLANG_ENABLE_MODULES = YES;
				CLANG_ENABLE_OBJC_ARC = YES;
				CLANG_ENABLE_OBJC_WEAK = YES;
				CLANG_WARN_BLOCK_CAPTURE_AUTORELEASING = YES;
				CLANG_WARN_BOOL_CONVERSION = YES;
				CLANG_WARN_COMMA = YES;
				CLANG_WARN_CONSTANT_CONVERSION = YES;
				CLANG_WARN_DEPRECATED_OBJC_IMPLEMENTATIONS = YES;
				CLANG_WARN_DIRECT_OBJC_ISA_USAGE = YES_ERROR;
				CLANG_WARN_DOCUMENTATION_COMMENTS = YES;
				CLANG_WARN_EMPTY_BODY = YES;
				CLANG_WARN_ENUM_CONVERSION = YES;
				CLANG_WARN_INFINITE_RECURSION = YES;
				CLANG_WARN_INT_CONVERSION = YES;
				CLANG_WARN_NON_LITERAL_NULL_CONVERSION = YES;
				CLANG_WARN_OBJC_IMPLICIT_RETAIN_SELF = YES;
				CLANG_WARN_OBJC_LITERAL_CONVERSION = YES;
				CLANG_WARN_OBJC_ROOT_CLASS = YES_ERROR;
				CLANG_WARN_QUOTED_INCLUDE_IN_FRAMEWORK_HEADER = YES;
				CLANG_WARN_RANGE_LOOP_ANALYSIS = YES;
				CLANG_WARN_STRICT_PROTOTYPES = YES;
				CLANG_WARN_SUSPICIOUS_MOVE = YES;
				CLANG_WARN_UNGUARDED_AVAILABILITY = YES_AGGRESSIVE;
				CLANG_WARN_UNREACHABLE_CODE = YES;
				CLANG_WARN__DUPLICATE_METHOD_MATCH = YES;
				COPY_PHASE_STRIP = NO;
				DEBUG_INFORMATION_FORMAT = dwarf;
				ENABLE_STRICT_OBJC_MSGSEND = YES;
				ENABLE_TESTABILITY = YES;
				GCC_C_LANGUAGE_STANDARD = gnu11;
				GCC_DYNAMIC_NO_PIC = NO;
				GCC_NO_COMMON_BLOCKS = YES;
				GCC_OPTIMIZATION_LEVEL = 0;
				GCC_PREPROCESSOR_DEFINITIONS = (
					"DEBUG=1",
					"$(inherited)",
				);
				GCC_WARN_64_TO_32_BIT_CONVERSION = YES;
				GCC_WARN_ABOUT_RETURN_TYPE = YES_ERROR;
				GCC_WARN_UNDECLARED_SELECTOR = YES;
				GCC_WARN_UNINITIALIZED_AUTOS = YES_AGGRESSIVE;
				GCC_WARN_UNUSED_FUNCTION = YES;
				GCC_WARN_UNUSED_VARIABLE = YES;
				IPHONEOS_DEPLOYMENT_TARGET = 15.2;
				MTL_ENABLE_DEBUG_INFO = INCLUDE_SOURCE;
				MTL_FAST_MATH = YES;
				ONLY_ACTIVE_ARCH = YES;
				SDKROOT = iphoneos;
				SWIFT_ACTIVE_COMPILATION_CONDITIONS = DEBUG;
				SWIFT_OPTIMIZATION_LEVEL = "-Onone";
			};
			name = Debug;
		};
		C2FFBD0D278E7A7D009A05FC /* Release */ = {
			isa = XCBuildConfiguration;
			buildSettings = {
				ALWAYS_SEARCH_USER_PATHS = NO;
				CLANG_ANALYZER_NONNULL = YES;
				CLANG_ANALYZER_NUMBER_OBJECT_CONVERSION = YES_AGGRESSIVE;
				CLANG_CXX_LANGUAGE_STANDARD = "gnu++17";
				CLANG_CXX_LIBRARY = "libc++";
				CLANG_ENABLE_MODULES = YES;
				CLANG_ENABLE_OBJC_ARC = YES;
				CLANG_ENABLE_OBJC_WEAK = YES;
				CLANG_WARN_BLOCK_CAPTURE_AUTORELEASING = YES;
				CLANG_WARN_BOOL_CONVERSION = YES;
				CLANG_WARN_COMMA = YES;
				CLANG_WARN_CONSTANT_CONVERSION = YES;
				CLANG_WARN_DEPRECATED_OBJC_IMPLEMENTATIONS = YES;
				CLANG_WARN_DIRECT_OBJC_ISA_USAGE = YES_ERROR;
				CLANG_WARN_DOCUMENTATION_COMMENTS = YES;
				CLANG_WARN_EMPTY_BODY = YES;
				CLANG_WARN_ENUM_CONVERSION = YES;
				CLANG_WARN_INFINITE_RECURSION = YES;
				CLANG_WARN_INT_CONVERSION = YES;
				CLANG_WARN_NON_LITERAL_NULL_CONVERSION = YES;
				CLANG_WARN_OBJC_IMPLICIT_RETAIN_SELF = YES;
				CLANG_WARN_OBJC_LITERAL_CONVERSION = YES;
				CLANG_WARN_OBJC_ROOT_CLASS = YES_ERROR;
				CLANG_WARN_QUOTED_INCLUDE_IN_FRAMEWORK_HEADER = YES;
				CLANG_WARN_RANGE_LOOP_ANALYSIS = YES;
				CLANG_WARN_STRICT_PROTOTYPES = YES;
				CLANG_WARN_SUSPICIOUS_MOVE = YES;
				CLANG_WARN_UNGUARDED_AVAILABILITY = YES_AGGRESSIVE;
				CLANG_WARN_UNREACHABLE_CODE = YES;
				CLANG_WARN__DUPLICATE_METHOD_MATCH = YES;
				COPY_PHASE_STRIP = NO;
				DEBUG_INFORMATION_FORMAT = "dwarf-with-dsym";
				ENABLE_NS_ASSERTIONS = NO;
				ENABLE_STRICT_OBJC_MSGSEND = YES;
				GCC_C_LANGUAGE_STANDARD = gnu11;
				GCC_NO_COMMON_BLOCKS = YES;
				GCC_WARN_64_TO_32_BIT_CONVERSION = YES;
				GCC_WARN_ABOUT_RETURN_TYPE = YES_ERROR;
				GCC_WARN_UNDECLARED_SELECTOR = YES;
				GCC_WARN_UNINITIALIZED_AUTOS = YES_AGGRESSIVE;
				GCC_WARN_UNUSED_FUNCTION = YES;
				GCC_WARN_UNUSED_VARIABLE = YES;
				IPHONEOS_DEPLOYMENT_TARGET = 15.2;
				MTL_ENABLE_DEBUG_INFO = NO;
				MTL_FAST_MATH = YES;
				SDKROOT = iphoneos;
				SWIFT_COMPILATION_MODE = wholemodule;
				SWIFT_OPTIMIZATION_LEVEL = "-O";
				VALIDATE_PRODUCT = YES;
			};
			name = Release;
		};
		C2FFBD0F278E7A7D009A05FC /* Debug */ = {
			isa = XCBuildConfiguration;
			buildSettings = {
				ASSETCATALOG_COMPILER_APPICON_NAME = AppIcon;
				ASSETCATALOG_COMPILER_GLOBAL_ACCENT_COLOR_NAME = AccentColor;
				CODE_SIGN_STYLE = Automatic;
				CURRENT_PROJECT_VERSION = 1;
				DEVELOPMENT_ASSET_PATHS = "\"MovieDB/Preview Content\"";
				DEVELOPMENT_TEAM = WLF43H5K2J;
				ENABLE_PREVIEWS = YES;
				GENERATE_INFOPLIST_FILE = YES;
				INFOPLIST_KEY_UIApplicationSceneManifest_Generation = YES;
				INFOPLIST_KEY_UIApplicationSupportsIndirectInputEvents = YES;
				INFOPLIST_KEY_UILaunchScreen_Generation = YES;
				INFOPLIST_KEY_UISupportedInterfaceOrientations_iPad = "UIInterfaceOrientationPortrait UIInterfaceOrientationPortraitUpsideDown UIInterfaceOrientationLandscapeLeft UIInterfaceOrientationLandscapeRight";
				INFOPLIST_KEY_UISupportedInterfaceOrientations_iPhone = "UIInterfaceOrientationPortrait UIInterfaceOrientationLandscapeLeft UIInterfaceOrientationLandscapeRight";
				LD_RUNPATH_SEARCH_PATHS = (
					"$(inherited)",
					"@executable_path/Frameworks",
				);
				MARKETING_VERSION = 1.0;
				PRODUCT_BUNDLE_IDENTIFIER = rostadhi.MovieDB;
				PRODUCT_NAME = "$(TARGET_NAME)";
				SWIFT_EMIT_LOC_STRINGS = YES;
				SWIFT_VERSION = 5.0;
				TARGETED_DEVICE_FAMILY = "1,2";
			};
			name = Debug;
		};
		C2FFBD10278E7A7D009A05FC /* Release */ = {
			isa = XCBuildConfiguration;
			buildSettings = {
				ASSETCATALOG_COMPILER_APPICON_NAME = AppIcon;
				ASSETCATALOG_COMPILER_GLOBAL_ACCENT_COLOR_NAME = AccentColor;
				CODE_SIGN_STYLE = Automatic;
				CURRENT_PROJECT_VERSION = 1;
				DEVELOPMENT_ASSET_PATHS = "\"MovieDB/Preview Content\"";
				DEVELOPMENT_TEAM = WLF43H5K2J;
				ENABLE_PREVIEWS = YES;
				GENERATE_INFOPLIST_FILE = YES;
				INFOPLIST_KEY_UIApplicationSceneManifest_Generation = YES;
				INFOPLIST_KEY_UIApplicationSupportsIndirectInputEvents = YES;
				INFOPLIST_KEY_UILaunchScreen_Generation = YES;
				INFOPLIST_KEY_UISupportedInterfaceOrientations_iPad = "UIInterfaceOrientationPortrait UIInterfaceOrientationPortraitUpsideDown UIInterfaceOrientationLandscapeLeft UIInterfaceOrientationLandscapeRight";
				INFOPLIST_KEY_UISupportedInterfaceOrientations_iPhone = "UIInterfaceOrientationPortrait UIInterfaceOrientationLandscapeLeft UIInterfaceOrientationLandscapeRight";
				LD_RUNPATH_SEARCH_PATHS = (
					"$(inherited)",
					"@executable_path/Frameworks",
				);
				MARKETING_VERSION = 1.0;
				PRODUCT_BUNDLE_IDENTIFIER = rostadhi.MovieDB;
				PRODUCT_NAME = "$(TARGET_NAME)";
				SWIFT_EMIT_LOC_STRINGS = YES;
				SWIFT_VERSION = 5.0;
				TARGETED_DEVICE_FAMILY = "1,2";
			};
			name = Release;
		};
		C2FFBD12278E7A7D009A05FC /* Debug */ = {
			isa = XCBuildConfiguration;
			buildSettings = {
				ALWAYS_EMBED_SWIFT_STANDARD_LIBRARIES = YES;
				BUNDLE_LOADER = "$(TEST_HOST)";
				CODE_SIGN_STYLE = Automatic;
				CURRENT_PROJECT_VERSION = 1;
				DEVELOPMENT_TEAM = WLF43H5K2J;
				GENERATE_INFOPLIST_FILE = YES;
				IPHONEOS_DEPLOYMENT_TARGET = 15.2;
				MARKETING_VERSION = 1.0;
				PRODUCT_BUNDLE_IDENTIFIER = rostadhi.MovieDBTests;
				PRODUCT_NAME = "$(TARGET_NAME)";
				SWIFT_EMIT_LOC_STRINGS = NO;
				SWIFT_VERSION = 5.0;
				TARGETED_DEVICE_FAMILY = "1,2";
				TEST_HOST = "$(BUILT_PRODUCTS_DIR)/MovieDB.app/MovieDB";
			};
			name = Debug;
		};
		C2FFBD13278E7A7D009A05FC /* Release */ = {
			isa = XCBuildConfiguration;
			buildSettings = {
				ALWAYS_EMBED_SWIFT_STANDARD_LIBRARIES = YES;
				BUNDLE_LOADER = "$(TEST_HOST)";
				CODE_SIGN_STYLE = Automatic;
				CURRENT_PROJECT_VERSION = 1;
				DEVELOPMENT_TEAM = WLF43H5K2J;
				GENERATE_INFOPLIST_FILE = YES;
				IPHONEOS_DEPLOYMENT_TARGET = 15.2;
				MARKETING_VERSION = 1.0;
				PRODUCT_BUNDLE_IDENTIFIER = rostadhi.MovieDBTests;
				PRODUCT_NAME = "$(TARGET_NAME)";
				SWIFT_EMIT_LOC_STRINGS = NO;
				SWIFT_VERSION = 5.0;
				TARGETED_DEVICE_FAMILY = "1,2";
				TEST_HOST = "$(BUILT_PRODUCTS_DIR)/MovieDB.app/MovieDB";
			};
			name = Release;
		};
		C2FFBD15278E7A7D009A05FC /* Debug */ = {
			isa = XCBuildConfiguration;
			buildSettings = {
				ALWAYS_EMBED_SWIFT_STANDARD_LIBRARIES = YES;
				CODE_SIGN_STYLE = Automatic;
				CURRENT_PROJECT_VERSION = 1;
				DEVELOPMENT_TEAM = WLF43H5K2J;
				GENERATE_INFOPLIST_FILE = YES;
				MARKETING_VERSION = 1.0;
				PRODUCT_BUNDLE_IDENTIFIER = rostadhi.MovieDBUITests;
				PRODUCT_NAME = "$(TARGET_NAME)";
				SWIFT_EMIT_LOC_STRINGS = NO;
				SWIFT_VERSION = 5.0;
				TARGETED_DEVICE_FAMILY = "1,2";
				TEST_TARGET_NAME = MovieDB;
			};
			name = Debug;
		};
		C2FFBD16278E7A7D009A05FC /* Release */ = {
			isa = XCBuildConfiguration;
			buildSettings = {
				ALWAYS_EMBED_SWIFT_STANDARD_LIBRARIES = YES;
				CODE_SIGN_STYLE = Automatic;
				CURRENT_PROJECT_VERSION = 1;
				DEVELOPMENT_TEAM = WLF43H5K2J;
				GENERATE_INFOPLIST_FILE = YES;
				MARKETING_VERSION = 1.0;
				PRODUCT_BUNDLE_IDENTIFIER = rostadhi.MovieDBUITests;
				PRODUCT_NAME = "$(TARGET_NAME)";
				SWIFT_EMIT_LOC_STRINGS = NO;
				SWIFT_VERSION = 5.0;
				TARGETED_DEVICE_FAMILY = "1,2";
				TEST_TARGET_NAME = MovieDB;
			};
			name = Release;
		};
/* End XCBuildConfiguration section */

/* Begin XCConfigurationList section */
		C2FFBCE5278E7A7A009A05FC /* Build configuration list for PBXProject "MovieDB" */ = {
			isa = XCConfigurationList;
			buildConfigurations = (
				C2FFBD0C278E7A7D009A05FC /* Debug */,
				C2FFBD0D278E7A7D009A05FC /* Release */,
			);
			defaultConfigurationIsVisible = 0;
			defaultConfigurationName = Release;
		};
		C2FFBD0E278E7A7D009A05FC /* Build configuration list for PBXNativeTarget "MovieDB" */ = {
			isa = XCConfigurationList;
			buildConfigurations = (
				C2FFBD0F278E7A7D009A05FC /* Debug */,
				C2FFBD10278E7A7D009A05FC /* Release */,
			);
			defaultConfigurationIsVisible = 0;
			defaultConfigurationName = Release;
		};
		C2FFBD11278E7A7D009A05FC /* Build configuration list for PBXNativeTarget "MovieDBTests" */ = {
			isa = XCConfigurationList;
			buildConfigurations = (
				C2FFBD12278E7A7D009A05FC /* Debug */,
				C2FFBD13278E7A7D009A05FC /* Release */,
			);
			defaultConfigurationIsVisible = 0;
			defaultConfigurationName = Release;
		};
		C2FFBD14278E7A7D009A05FC /* Build configuration list for PBXNativeTarget "MovieDBUITests" */ = {
			isa = XCConfigurationList;
			buildConfigurations = (
				C2FFBD15278E7A7D009A05FC /* Debug */,
				C2FFBD16278E7A7D009A05FC /* Release */,
			);
			defaultConfigurationIsVisible = 0;
			defaultConfigurationName = Release;
		};
/* End XCConfigurationList section */

/* Begin XCRemoteSwiftPackageReference section */
		C2FFBD17278EB40C009A05FC /* XCRemoteSwiftPackageReference "SwiftUIX" */ = {
			isa = XCRemoteSwiftPackageReference;
			repositoryURL = "https://github.com/SwiftUIX/SwiftUIX";
			requirement = {
				kind = upToNextMajorVersion;
				minimumVersion = 0.1.1;
			};
		};
		C2FFBD1A278EB651009A05FC /* XCRemoteSwiftPackageReference "SwiftyJSON" */ = {
			isa = XCRemoteSwiftPackageReference;
			repositoryURL = "https://github.com/SwiftyJSON/SwiftyJSON.git";
			requirement = {
				kind = upToNextMajorVersion;
				minimumVersion = 5.0.0;
			};
		};
		C2FFBD1D278EB689009A05FC /* XCRemoteSwiftPackageReference "Alamofire" */ = {
			isa = XCRemoteSwiftPackageReference;
			repositoryURL = "https://github.com/Alamofire/Alamofire.git";
			requirement = {
				kind = upToNextMajorVersion;
				minimumVersion = 5.0.0;
			};
		};
/* End XCRemoteSwiftPackageReference section */

/* Begin XCSwiftPackageProductDependency section */
		C2FFBD18278EB40C009A05FC /* SwiftUIX */ = {
			isa = XCSwiftPackageProductDependency;
			package = C2FFBD17278EB40C009A05FC /* XCRemoteSwiftPackageReference "SwiftUIX" */;
			productName = SwiftUIX;
		};
		C2FFBD1B278EB651009A05FC /* SwiftyJSON */ = {
			isa = XCSwiftPackageProductDependency;
			package = C2FFBD1A278EB651009A05FC /* XCRemoteSwiftPackageReference "SwiftyJSON" */;
			productName = SwiftyJSON;
		};
		C2FFBD1E278EB689009A05FC /* Alamofire */ = {
			isa = XCSwiftPackageProductDependency;
			package = C2FFBD1D278EB689009A05FC /* XCRemoteSwiftPackageReference "Alamofire" */;
			productName = Alamofire;
		};
/* End XCSwiftPackageProductDependency section */
	};
	rootObject = C2FFBCE2278E7A7A009A05FC /* Project object */;
}
